# This file is automatically @generated by Cargo.
# It is not intended for manual editing.
version = 4

[[package]]
name = "noise-cli"
version = "0.1.0"
dependencies = [
 "noise-core",
 "noise-types",
]

[[package]]
name = "noise-core"
version = "0.1.0"
dependencies = [
 "noise-types",
]

[[package]]
name = "noise-types"
version = "0.1.0"
